
Microsoft Visual Studio Solution File, Format Version 11.00
# Visual Studio 2010
Project("{FAE04EC0-301F-11D3-BF4B-00C04F79EFBC}") = "Assembly-CSharp-firstpass", "Assembly-CSharp-firstpass.csproj", "{531B461D-F5D5-FE04-6271-61367132C1DD}"
EndProject
Project("{FAE04EC0-301F-11D3-BF4B-00C04F79EFBC}") = "Assembly-CSharp", "Assembly-CSharp.csproj", "{33E70522-B4A3-1035-C973-D7D0CF870205}"
EndProject
Project("{FAE04EC0-301F-11D3-BF4B-00C04F79EFBC}") = "Assembly-CSharp-Editor", "Assembly-CSharp-Editor.csproj", "{8E36301F-0707-C190-CF43-6554C6BBAC94}"
EndProject
Project("{FAE04EC0-301F-11D3-BF4B-00C04F79EFBC}") = "Assembly-CSharp-Editor-firstpass", "Assembly-CSharp-Editor-firstpass.csproj", "{C98E9E2A-45CD-2935-7C24-8865AFD6DD2D}"
EndProject
Global
	GlobalSection(SolutionConfigurationPlatforms) = preSolution
		Debug|Any CPU = Debug|Any CPU
		Release|Any CPU = Release|Any CPU
	EndGlobalSection
	GlobalSection(ProjectConfigurationPlatforms) = postSolution
		{531B461D-F5D5-FE04-6271-61367132C1DD}.Debug|Any CPU.ActiveCfg = Debug|Any CPU
		{531B461D-F5D5-FE04-6271-61367132C1DD}.Debug|Any CPU.Build.0 = Debug|Any CPU
		{531B461D-F5D5-FE04-6271-61367132C1DD}.Release|Any CPU.ActiveCfg = Release|Any CPU
		{531B461D-F5D5-FE04-6271-61367132C1DD}.Release|Any CPU.Build.0 = Release|Any CPU
		{33E70522-B4A3-1035-C973-D7D0CF870205}.Debug|Any CPU.ActiveCfg = Debug|Any CPU
		{33E70522-B4A3-1035-C973-D7D0CF870205}.Debug|Any CPU.Build.0 = Debug|Any CPU
		{33E70522-B4A3-1035-C973-D7D0CF870205}.Release|Any CPU.ActiveCfg = Release|Any CPU
		{33E70522-B4A3-1035-C973-D7D0CF870205}.Release|Any CPU.Build.0 = Release|Any CPU
		{8E36301F-0707-C190-CF43-6554C6BBAC94}.Debug|Any CPU.ActiveCfg = Debug|Any CPU
		{8E36301F-0707-C190-CF43-6554C6BBAC94}.Debug|Any CPU.Build.0 = Debug|Any CPU
		{8E36301F-0707-C190-CF43-6554C6BBAC94}.Release|Any CPU.ActiveCfg = Release|Any CPU
		{8E36301F-0707-C190-CF43-6554C6BBAC94}.Release|Any CPU.Build.0 = Release|Any CPU
		{C98E9E2A-45CD-2935-7C24-8865AFD6DD2D}.Debug|Any CPU.ActiveCfg = Debug|Any CPU
		{C98E9E2A-45CD-2935-7C24-8865AFD6DD2D}.Debug|Any CPU.Build.0 = Debug|Any CPU
		{C98E9E2A-45CD-2935-7C24-8865AFD6DD2D}.Release|Any CPU.ActiveCfg = Release|Any CPU
		{C98E9E2A-45CD-2935-7C24-8865AFD6DD2D}.Release|Any CPU.Build.0 = Release|Any CPU
	EndGlobalSection
	GlobalSection(SolutionProperties) = preSolution
		HideSolutionNode = FALSE
	EndGlobalSection
EndGlobal
